// !$*UTF8*$!
{
	archiveVersion = 1;
	classes = {
	};
	objectVersion = 46;
	objects = {

/* Begin PBXBuildFile section */
		528E5BF51E64E19600B06976 /* AppDelegate.swift in Sources */ = {isa = PBXBuildFile; fileRef = 528E5BF41E64E19600B06976 /* AppDelegate.swift */; };
		528E5BF71E64E19600B06976 /* ViewController.swift in Sources */ = {isa = PBXBuildFile; fileRef = 528E5BF61E64E19600B06976 /* ViewController.swift */; };
		528E5BFA1E64E19600B06976 /* Main.storyboard in Resources */ = {isa = PBXBuildFile; fileRef = 528E5BF81E64E19600B06976 /* Main.storyboard */; };
		528E5BFC1E64E19600B06976 /* Assets.xcassets in Resources */ = {isa = PBXBuildFile; fileRef = 528E5BFB1E64E19600B06976 /* Assets.xcassets */; };
		528E5BFF1E64E19600B06976 /* LaunchScreen.storyboard in Resources */ = {isa = PBXBuildFile; fileRef = 528E5BFD1E64E19600B06976 /* LaunchScreen.storyboard */; };
/* End PBXBuildFile section */

/* Begin PBXFileReference section */
		528E5BF11E64E19600B06976 /* food-adventures.app */ = {isa = PBXFileReference; explicitFileType = wrapper.application; includeInIndex = 0; path = "food-adventures.app"; sourceTree = BUILT_PRODUCTS_DIR; };
		528E5BF41E64E19600B06976 /* AppDelegate.swift */ = {isa = PBXFileReference; lastKnownFileType = sourcecode.swift; path = AppDelegate.swift; sourceTree = "<group>"; };
		528E5BF61E64E19600B06976 /* ViewController.swift */ = {isa = PBXFileReference; lastKnownFileType = sourcecode.swift; path = ViewController.swift; sourceTree = "<group>"; };
		528E5BF91E64E19600B06976 /* Base */ = {isa = PBXFileReference; lastKnownFileType = file.storyboard; name = Base; path = Base.lproj/Main.storyboard; sourceTree = "<group>"; };
		528E5BFB1E64E19600B06976 /* Assets.xcassets */ = {isa = PBXFileReference; lastKnownFileType = folder.assetcatalog; path = Assets.xcassets; sourceTree = "<group>"; };
		528E5BFE1E64E19600B06976 /* Base */ = {isa = PBXFileReference; lastKnownFileType = file.storyboard; name = Base; path = Base.lproj/LaunchScreen.storyboard; sourceTree = "<group>"; };
		528E5C001E64E19600B06976 /* Info.plist */ = {isa = PBXFileReference; lastKnownFileType = text.plist.xml; path = Info.plist; sourceTree = "<group>"; };
/* End PBXFileReference section */

/* Begin PBXFrameworksBuildPhase section */
		528E5BEE1E64E19600B06976 /* Frameworks */ = {
			isa = PBXFrameworksBuildPhase;
			buildActionMask = 2147483647;
			files = (
			);
			runOnlyForDeploymentPostprocessing = 0;
		};
/* End PBXFrameworksBuildPhase section */

/* Begin PBXGroup section */
		528E5BE81E64E19600B06976 = {
			isa = PBXGroup;
			children = (
				528E5BF31E64E19600B06976 /* food-adventures */,
				528E5BF21E64E19600B06976 /* Products */,
			);
			sourceTree = "<group>";
		};
		528E5BF21E64E19600B06976 /* Products */ = {
			isa = PBXGroup;
			children = (
				528E5BF11E64E19600B06976 /* food-adventures.app */,
			);
			name = Products;
			sourceTree = "<group>";
		};
		528E5BF31E64E19600B06976 /* food-adventures */ = {
			isa = PBXGroup;
			children = (
				528E5BF41E64E19600B06976 /* AppDelegate.swift */,
				528E5BF61E64E19600B06976 /* ViewController.swift */,
				528E5BF81E64E19600B06976 /* Main.storyboard */,
				528E5BFB1E64E19600B06976 /* Assets.xcassets */,
				528E5BFD1E64E19600B06976 /* LaunchScreen.storyboard */,
				528E5C001E64E19600B06976 /* Info.plist */,
			);
			path = "food-adventures";
			sourceTree = "<group>";
		};
/* End PBXGroup section */

/* Begin PBXNativeTarget section */
		528E5BF01E64E19600B06976 /* food-adventures */ = {
			isa = PBXNativeTarget;
			buildConfigurationList = 528E5C031E64E19600B06976 /* Build configuration list for PBXNativeTarget "food-adventures" */;
			buildPhases = (
				528E5BED1E64E19600B06976 /* Sources */,
				528E5BEE1E64E19600B06976 /* Frameworks */,
				528E5BEF1E64E19600B06976 /* Resources */,
			);
			buildRules = (
			);
			dependencies = (
			);
			name = "food-adventures";
			productName = "food-adventures";
			productReference = 528E5BF11E64E19600B06976 /* food-adventures.app */;
			productType = "com.apple.product-type.application";
		};
/* End PBXNativeTarget section */

/* Begin PBXProject section */
		528E5BE91E64E19600B06976 /* Project object */ = {
			isa = PBXProject;
			attributes = {
				LastSwiftUpdateCheck = 0830;
				LastUpgradeCheck = 0830;
				ORGANIZATIONNAME = "Paula Lee";
				TargetAttributes = {
					528E5BF01E64E19600B06976 = {
						CreatedOnToolsVersion = 8.3;
						ProvisioningStyle = Automatic;
					};
				};
			};
			buildConfigurationList = 528E5BEC1E64E19600B06976 /* Build configuration list for PBXProject "food-adventures" */;
			compatibilityVersion = "Xcode 3.2";
			developmentRegion = English;
			hasScannedForEncodings = 0;
			knownRegions = (
				en,
				Base,
			);
			mainGroup = 528E5BE81E64E19600B06976;
			productRefGroup = 528E5BF21E64E19600B06976 /* Products */;
			projectDirPath = "";
			projectRoot = "";
			targets = (
				528E5BF01E64E19600B06976 /* food-adventures */,
			);
		};
/* End PBXProject section */

/* Begin PBXResourcesBuildPhase section */
		528E5BEF1E64E19600B06976 /* Resources */ = {
			isa = PBXResourcesBuildPhase;
			buildActionMask = 2147483647;
			files = (
				528E5BFF1E64E19600B06976 /* LaunchScreen.storyboard in Resources */,
				528E5BFC1E64E19600B06976 /* Assets.xcassets in Resources */,
				528E5BFA1E64E19600B06976 /* Main.storyboard in Resources */,
			);
			runOnlyForDeploymentPostprocessing = 0;
		};
/* End PBXResourcesBuildPhase section */

/* Begin PBXSourcesBuildPhase section */
		528E5BED1E64E19600B06976 /* Sources */ = {
			isa = PBXSourcesBuildPhase;
			buildActionMask = 2147483647;
			files = (
				528E5BF71E64E19600B06976 /* ViewController.swift in Sources */,
				528E5BF51E64E19600B06976 /* AppDelegate.swift in Sources */,
			);
			runOnlyForDeploymentPostprocessing = 0;
		};
/* End PBXSourcesBuildPhase section */

/* Begin PBXVariantGroup section */
		528E5BF81E64E19600B06976 /* Main.storyboard */ = {
			isa = PBXVariantGroup;
			children = (
				528E5BF91E64E19600B06976 /* Base */,
			);
			name = Main.storyboard;
			sourceTree = "<group>";
		};
		528E5BFD1E64E19600B06976 /* LaunchScreen.storyboard */ = {
			isa = PBXVariantGroup;
			children = (
				528E5BFE1E64E19600B06976 /* Base */,
			);
			name = LaunchScreen.storyboard;
			sourceTree = "<group>";
		};
/* End PBXVariantGroup section */

/* Begin XCBuildConfiguration section */
		528E5C011E64E19600B06976 /* Debug */ = {
			isa = XCBuildConfiguration;
			buildSettings = {
				ALWAYS_SEARCH_USER_PATHS = NO;
				CLANG_ANALYZER_NONNULL = YES;
				CLANG_ANALYZER_NUMBER_OBJECT_CONVERSION = YES_AGGRESSIVE;
				CLANG_CXX_LANGUAGE_STANDARD = "gnu++0x";
				CLANG_CXX_LIBRARY = "libc++";
				CLANG_ENABLE_MODULES = YES;
				CLANG_ENABLE_OBJC_ARC = YES;
				CLANG_WARN_BOOL_CONVERSION = YES;
				CLANG_WARN_CONSTANT_CONVERSION = YES;
				CLANG_WARN_DIRECT_OBJC_ISA_USAGE = YES_ERROR;
				CLANG_WARN_DOCUMENTATION_COMMENTS = YES;
				CLANG_WARN_EMPTY_BODY = YES;
				CLANG_WARN_ENUM_CONVERSION = YES;
				CLANG_WARN_INFINITE_RECURSION = YES;
				CLANG_WARN_INT_CONVERSION = YES;
				CLANG_WARN_OBJC_ROOT_CLASS = YES_ERROR;
				CLANG_WARN_SUSPICIOUS_MOVE = YES;
				CLANG_WARN_UNREACHABLE_CODE = YES;
				CLANG_WARN__DUPLICATE_METHOD_MATCH = YES;
				"CODE_SIGN_IDENTITY[sdk=iphoneos*]" = "iPhone Developer";
				COPY_PHASE_STRIP = NO;
				DEBUG_INFORMATION_FORMAT = dwarf;
				ENABLE_STRICT_OBJC_MSGSEND = YES;
				ENABLE_TESTABILITY = YES;
				GCC_C_LANGUAGE_STANDARD = gnu99;
				GCC_DYNAMIC_NO_PIC = NO;
				GCC_NO_COMMON_BLOCKS = YES;
				GCC_OPTIMIZATION_LEVEL = 0;
				GCC_PREPROCESSOR_DEFINITIONS = (
					"DEBUG=1",
					"$(inherited)",
				);
				GCC_WARN_64_TO_32_BIT_CONVERSION = YES;
				GCC_WARN_ABOUT_RETURN_TYPE = YES_ERROR;
				GCC_WARN_UNDECLARED_SELECTOR = YES;
				GCC_WARN_UNINITIALIZED_AUTOS = YES_AGGRESSIVE;
				GCC_WARN_UNUSED_FUNCTION = YES;
				GCC_WARN_UNUSED_VARIABLE = YES;
				IPHONEOS_DEPLOYMENT_TARGET = 10.3;
				MTL_ENABLE_DEBUG_INFO = YES;
				ONLY_ACTIVE_ARCH = YES;
				SDKROOT = iphoneos;
				SWIFT_ACTIVE_COMPILATION_CONDITIONS = DEBUG;
				SWIFT_OPTIMIZATION_LEVEL = "-Onone";
				TARGETED_DEVICE_FAMILY = "1,2";
			};
			name = Debug;
		};
		528E5C021E64E19600B06976 /* Release */ = {
			isa = XCBuildConfiguration;
			buildSettings = {
				ALWAYS_SEARCH_USER_PATHS = NO;
				CLANG_ANALYZER_NONNULL = YES;
				CLANG_ANALYZER_NUMBER_OBJECT_CONVERSION = YES_AGGRESSIVE;
				CLANG_CXX_LANGUAGE_STANDARD = "gnu++0x";
				CLANG_CXX_LIBRARY = "libc++";
				CLANG_ENABLE_MODULES = YES;
				CLANG_ENABLE_OBJC_ARC = YES;
				CLANG_WARN_BOOL_CONVERSION = YES;
				CLANG_WARN_CONSTANT_CONVERSION = YES;
				CLANG_WARN_DIRECT_OBJC_ISA_USAGE = YES_ERROR;
				CLANG_WARN_DOCUMENTATION_COMMENTS = YES;
				CLANG_WARN_EMPTY_BODY = YES;
				CLANG_WARN_ENUM_CONVERSION = YES;
				CLANG_WARN_INFINITE_RECURSION = YES;
				CLANG_WARN_INT_CONVERSION = YES;
				CLANG_WARN_OBJC_ROOT_CLASS = YES_ERROR;
				CLANG_WARN_SUSPICIOUS_MOVE = YES;
				CLANG_WARN_UNREACHABLE_CODE = YES;
				CLANG_WARN__DUPLICATE_METHOD_MATCH = YES;
				"CODE_SIGN_IDENTITY[sdk=iphoneos*]" = "iPhone Developer";
				COPY_PHASE_STRIP = NO;
				DEBUG_INFORMATION_FORMAT = "dwarf-with-dsym";
				ENABLE_NS_ASSERTIONS = NO;
				ENABLE_STRICT_OBJC_MSGSEND = YES;
				GCC_C_LANGUAGE_STANDARD = gnu99;
				GCC_NO_COMMON_BLOCKS = YES;
				GCC_WARN_64_TO_32_BIT_CONVERSION = YES;
				GCC_WARN_ABOUT_RETURN_TYPE = YES_ERROR;
				GCC_WARN_UNDECLARED_SELECTOR = YES;
				GCC_WARN_UNINITIALIZED_AUTOS = YES_AGGRESSIVE;
				GCC_WARN_UNUSED_FUNCTION = YES;
				GCC_WARN_UNUSED_VARIABLE = YES;
				IPHONEOS_DEPLOYMENT_TARGET = 10.3;
				MTL_ENABLE_DEBUG_INFO = NO;
				SDKROOT = iphoneos;
				SWIFT_OPTIMIZATION_LEVEL = "-Owholemodule";
				TARGETED_DEVICE_FAMILY = "1,2";
				VALIDATE_PRODUCT = YES;
			};
			name = Release;
		};
		528E5C041E64E19600B06976 /* Debug */ = {
			isa = XCBuildConfiguration;
			buildSettings = {
				ASSETCATALOG_COMPILER_APPICON_NAME = AppIcon;
				INFOPLIST_FILE = "food-adventures/Info.plist";
				LD_RUNPATH_SEARCH_PATHS = "$(inherited) @executable_path/Frameworks";
				PRODUCT_BUNDLE_IDENTIFIER = "com.paula-lee.food-adventures";
				PRODUCT_NAME = "$(TARGET_NAME)";
				SWIFT_VERSION = 3.0;
			};
			name = Debug;
		};
		528E5C051E64E19600B06976 /* Release */ = {
			isa = XCBuildConfiguration;
			buildSettings = {
				ASSETCATALOG_COMPILER_APPICON_NAME = AppIcon;
				INFOPLIST_FILE = "food-adventures/Info.plist";
				LD_RUNPATH_SEARCH_PATHS = "$(inherited) @executable_path/Frameworks";
				PRODUCT_BUNDLE_IDENTIFIER = "com.paula-lee.food-adventures";
				PRODUCT_NAME = "$(TARGET_NAME)";
				SWIFT_VERSION = 3.0;
			};
			name = Release;
		};
/* End XCBuildConfiguration section */

/* Begin XCConfigurationList section */
		528E5BEC1E64E19600B06976 /* Build configuration list for PBXProject "food-adventures" */ = {
			isa = XCConfigurationList;
			buildConfigurations = (
				528E5C011E64E19600B06976 /* Debug */,
				528E5C021E64E19600B06976 /* Release */,
			);
			defaultConfigurationIsVisible = 0;
			defaultConfigurationName = Release;
		};
		528E5C031E64E19600B06976 /* Build configuration list for PBXNativeTarget "food-adventures" */ = {
			isa = XCConfigurationList;
			buildConfigurations = (
				528E5C041E64E19600B06976 /* Debug */,
				528E5C051E64E19600B06976 /* Release */,
			);
			defaultConfigurationIsVisible = 0;
		};
/* End XCConfigurationList section */
	};
	rootObject = 528E5BE91E64E19600B06976 /* Project object */;
}
